PODS:
  - ComScore (6.14.0)
  - comscore_analytics_flutter (0.0.1):
    - ComScore (= 6.14)
    - Flutter
  - Flutter (1.0.0)
  - integration_test (0.0.1):
    - Flutter

DEPENDENCIES:
  - comscore_analytics_flutter (from `.symlinks/plugins/comscore_analytics_flutter/ios`)
  - Flutter (from `Flutter`)
  - integration_test (from `.symlinks/plugins/integration_test/ios`)

SPEC REPOS:
  trunk:
    - ComScore

EXTERNAL SOURCES:
  comscore_analytics_flutter:
    :path: ".symlinks/plugins/comscore_analytics_flutter/ios"
  Flutter:
    :path: Flutter
  integration_test:
    :path: ".symlinks/plugins/integration_test/ios"

SPEC CHECKSUMS:
  ComScore: f3811fb4c4a744ab453bea08d3b05f1e3f7af4b4
  comscore_analytics_flutter: 5c2631cf5e5c0488cf28ecbc7f3d61912dab18d1
  Flutter: e0871f40cf51350855a761d2e70bf5af5b9b5de7
  integration_test: 4a889634ef21a45d28d50d622cf412dc6d9f586e

PODFILE CHECKSUM: 6e700dec67e6deac9b1c69bb14c49a2217a12d15

COCOAPODS: 1.16.2
